
Microsoft Visual Studio Solution File, Format Version 12.00
# Visual Studio 15
VisualStudioVersion = 15.0.27703.2042
MinimumVisualStudioVersion = 10.0.40219.1
Project("{FAE04EC0-301F-11D3-BF4B-00C04F79EFBC}") = "HajjHK", "HajjHK\HajjHK.csproj", "{76E457A8-CAE9-4FB6-8E12-95F9D9B20824}"
EndProject
Global
	GlobalSection(SolutionConfigurationPlatforms) = preSolution
		Debug|Any CPU = Debug|Any CPU
		Release|Any CPU = Release|Any CPU
	EndGlobalSection
	GlobalSection(ProjectConfigurationPlatforms) = postSolution
		{76E457A8-CAE9-4FB6-8E12-95F9D9B20824}.Debug|Any CPU.ActiveCfg = Debug|Any CPU
		{76E457A8-CAE9-4FB6-8E12-95F9D9B20824}.Debug|Any CPU.Build.0 = Debug|Any CPU
		{76E457A8-CAE9-4FB6-8E12-95F9D9B20824}.Release|Any CPU.ActiveCfg = Release|Any CPU
		{76E457A8-CAE9-4FB6-8E12-95F9D9B20824}.Release|Any CPU.Build.0 = Release|Any CPU
	EndGlobalSection
	GlobalSection(SolutionProperties) = preSolution
		HideSolutionNode = FALSE
	EndGlobalSection
	GlobalSection(ExtensibilityGlobals) = postSolution
		SolutionGuid = {D8D867F1-961F-4DCC-ACA2-B42131CD7E68}
	EndGlobalSection
EndGlobal
