
Microsoft Visual Studio Solution File, Format Version 12.00
# Visual Studio 15
VisualStudioVersion = 15.0.27703.2042
MinimumVisualStudioVersion = 10.0.40219.1
Project("{FAE04EC0-301F-11D3-BF4B-00C04F79EFBC}") = "HajjHkApi", "HajjHkApi\HajjHkApi.csproj", "{7551464A-6A45-4421-8E9F-917F4275411A}"
EndProject
Global
	GlobalSection(SolutionConfigurationPlatforms) = preSolution
		Debug|Any CPU = Debug|Any CPU
		Release|Any CPU = Release|Any CPU
	EndGlobalSection
	GlobalSection(ProjectConfigurationPlatforms) = postSolution
		{7551464A-6A45-4421-8E9F-917F4275411A}.Debug|Any CPU.ActiveCfg = Debug|Any CPU
		{7551464A-6A45-4421-8E9F-917F4275411A}.Debug|Any CPU.Build.0 = Debug|Any CPU
		{7551464A-6A45-4421-8E9F-917F4275411A}.Release|Any CPU.ActiveCfg = Release|Any CPU
		{7551464A-6A45-4421-8E9F-917F4275411A}.Release|Any CPU.Build.0 = Release|Any CPU
	EndGlobalSection
	GlobalSection(SolutionProperties) = preSolution
		HideSolutionNode = FALSE
	EndGlobalSection
	GlobalSection(ExtensibilityGlobals) = postSolution
		SolutionGuid = {2F2B1804-018F-408A-AC93-12CE58162DF2}
	EndGlobalSection
EndGlobal
